{
  "name": "firebase-cristel",
  "version": "1.0.0",
  "lockfileVersion": 1,
  "requires": true,
  "dependencies": {
    "@firebase/app": {
      "version": "0.1.2",
      "resolved": "https://registry.npmjs.org/@firebase/app/-/app-0.1.2.tgz",
      "integrity": "sha512-H2moN0Dl5LJn1AiRsCvwJsfE7PLKYYYJc+WKqAta+qIB/ZzBAay8NTVBYHiqsteLHc7gXofoi8zEUrGjbmz4OQ==",
      "requires": {
        "@firebase/util": "0.1.2"
      }
    },
    "@firebase/auth": {
      "version": "0.2.2",
      "resolved": "https://registry.npmjs.org/@firebase/auth/-/auth-0.2.2.tgz",
      "integrity": "sha512-/qUnCjil7Eb0KQVErkziuyIbG1FrszD6+ttGY7+DTTbN+/QGjyqwTizwGLQDF8Itvf29O7YWKEdsoJyiwn/F4Q=="
    },
    "@firebase/database": {
      "version": "0.1.3",
      "resolved": "https://registry.npmjs.org/@firebase/database/-/database-0.1.3.tgz",
      "integrity": "sha512-Uk9IRPYDmpDRBvnIZhs16iQX/7GxetslWD+7N6GKgEDmO9csPC+9hHmdXkcVc6cG7xHCePdRJGvhrVt3ax7Fcw==",
      "requires": {
        "@firebase/util": "0.1.2",
        "faye-websocket": "0.11.1"
      }
    },
    "@firebase/firestore": {
      "version": "0.1.4",
      "resolved": "https://registry.npmjs.org/@firebase/firestore/-/firestore-0.1.4.tgz",
      "integrity": "sha512-ltt3zvvZ6LE37oIfVm0zeNA0DPo75YKWkfIyEbFlXDWkeNIt3lunhB4L777weUzZOmcZhX8T6pHx6xZM+ysDkA==",
      "requires": {
        "@firebase/webchannel-wrapper": "0.2.4"
      }
    },
    "@firebase/messaging": {
      "version": "0.1.3",
      "resolved": "https://registry.npmjs.org/@firebase/messaging/-/messaging-0.1.3.tgz",
      "integrity": "sha512-mQxG4y+wT7hCSsNzPGdFKjZ7/NLIdSJRYX59bLL3F0HMIuOlNtYXxKjN23vBGljwFufx3dQBtlX8beDBKbOv4Q==",
      "requires": {
        "@firebase/util": "0.1.2"
      }
    },
    "@firebase/polyfill": {
      "version": "0.1.2",
      "resolved": "https://registry.npmjs.org/@firebase/polyfill/-/polyfill-0.1.2.tgz",
      "integrity": "sha512-5oneu9nOYDZkZWyfvBXFa+ORWj9HeOYhwWy4HSJzCLKLnOvQSSZRcNBD2cVrysGR8tZCEfyKqq3fnwtODCvIQg==",
      "requires": {
        "promise-polyfill": "6.0.2"
      }
    },
    "@firebase/storage": {
      "version": "0.1.2",
      "resolved": "https://registry.npmjs.org/@firebase/storage/-/storage-0.1.2.tgz",
      "integrity": "sha512-Il1+R2BbFfhwq4H6OAF+hpxr5mAxoD3CK/i/78CiDATtKR5OU9kuQf7T3V3khMeFspK0H6r02Oe9gTbS2XhPkQ=="
    },
    "@firebase/util": {
      "version": "0.1.2",
      "resolved": "https://registry.npmjs.org/@firebase/util/-/util-0.1.2.tgz",
      "integrity": "sha512-XzvnxTsPIukAJmBVpBOGTLVgz27Iyoudmum6Bqy8Czu2qhWjikhkE1UlND7Gh5BwTpBVr03axjovRXgh5xgIxw=="
    },
    "@firebase/webchannel-wrapper": {
      "version": "0.2.4",
      "resolved": "https://registry.npmjs.org/@firebase/webchannel-wrapper/-/webchannel-wrapper-0.2.4.tgz",
      "integrity": "sha512-jEpglcwMlwdXc/JgvJaJtCSkPMktnFeI0gAZxPrmbJxKVzMZJ2zM582NbW/r6M22pSdNWjcWeg1I2LRg3jQGQA=="
    },
    "agentkeepalive": {
      "version": "2.2.0",
      "resolved": "https://registry.npmjs.org/agentkeepalive/-/agentkeepalive-2.2.0.tgz",
      "integrity": "sha1-xdG9SxKQCPEWPyNvhuX66iAm4u8="
    },
    "algoliasearch": {
      "version": "3.24.6",
      "resolved": "https://registry.npmjs.org/algoliasearch/-/algoliasearch-3.24.6.tgz",
      "integrity": "sha1-96z8WdNygBC5oIE0lQpJiaCPcic=",
      "requires": {
        "agentkeepalive": "2.2.0",
        "debug": "2.6.9",
        "envify": "4.1.0",
        "es6-promise": "4.1.1",
        "events": "1.1.1",
        "foreach": "2.0.5",
        "global": "4.3.2",
        "inherits": "2.0.3",
        "isarray": "2.0.2",
        "load-script": "1.0.0",
        "object-keys": "1.0.11",
        "querystring-es3": "0.2.1",
        "reduce": "1.0.1",
        "semver": "5.4.1",
        "tunnel-agent": "0.6.0"
      }
    },
    "debug": {
      "version": "2.6.9",
      "resolved": "https://registry.npmjs.org/debug/-/debug-2.6.9.tgz",
      "integrity": "sha512-bC7ElrdJaJnPbAP+1EotYvqZsb3ecl5wi6Bfi6BJTUcNowp6cvspg0jXznRTKDjm/E7AdgFBVeAPVMNcKGsHMA==",
      "requires": {
        "ms": "2.0.0"
      }
    },
    "dom-storage": {
      "version": "2.0.2",
      "resolved": "https://registry.npmjs.org/dom-storage/-/dom-storage-2.0.2.tgz",
      "integrity": "sha1-7RfL9oq9EOCu+BgnE+KXxeS1ALA="
    },
    "dom-walk": {
      "version": "0.1.1",
      "resolved": "https://registry.npmjs.org/dom-walk/-/dom-walk-0.1.1.tgz",
      "integrity": "sha1-ZyIm3HTI95mtNTB9+TaroRrNYBg="
    },
    "dotenv": {
      "version": "4.0.0",
      "resolved": "https://registry.npmjs.org/dotenv/-/dotenv-4.0.0.tgz",
      "integrity": "sha1-hk7xN5rO1Vzm+V3r7NzhefegzR0="
    },
    "envify": {
      "version": "4.1.0",
      "resolved": "https://registry.npmjs.org/envify/-/envify-4.1.0.tgz",
      "integrity": "sha512-IKRVVoAYr4pIx4yIWNsz9mOsboxlNXiu7TNBnem/K/uTHdkyzXWDzHCK7UTolqBbgaBz0tQHsD3YNls0uIIjiw==",
      "requires": {
        "esprima": "4.0.0",
        "through": "2.3.8"
      }
    },
    "es6-promise": {
      "version": "4.1.1",
      "resolved": "https://registry.npmjs.org/es6-promise/-/es6-promise-4.1.1.tgz",
      "integrity": "sha512-OaU1hHjgJf+b0NzsxCg7NdIYERD6Hy/PEmFLTjw+b65scuisG3Kt4QoTvJ66BBkPZ581gr0kpoVzKnxniM8nng=="
    },
    "esprima": {
      "version": "4.0.0",
      "resolved": "https://registry.npmjs.org/esprima/-/esprima-4.0.0.tgz",
      "integrity": "sha512-oftTcaMu/EGrEIu904mWteKIv8vMuOgGYo7EhVJJN00R/EED9DCua/xxHRdYnKtcECzVg7xOWhflvJMnqcFZjw=="
    },
    "events": {
      "version": "1.1.1",
      "resolved": "https://registry.npmjs.org/events/-/events-1.1.1.tgz",
      "integrity": "sha1-nr23Y1rQmccNzEwqH1AEKI6L2SQ="
    },
    "faye-websocket": {
      "version": "0.11.1",
      "resolved": "https://registry.npmjs.org/faye-websocket/-/faye-websocket-0.11.1.tgz",
      "integrity": "sha1-8O/hjE9W5PQK/H4Gxxn9XuYYjzg=",
      "requires": {
        "websocket-driver": "0.7.0"
      }
    },
    "firebase": {
      "version": "4.6.2",
      "resolved": "https://registry.npmjs.org/firebase/-/firebase-4.6.2.tgz",
      "integrity": "sha512-qI4qWZNO4/tS05goNaLYaxFd2/GgWVONPcqq+H1YyLi0ybWfF7oEVhw1dz8SY+7Xc5wc3S4jGSMi3apgINz1Zg==",
      "requires": {
        "@firebase/app": "0.1.2",
        "@firebase/auth": "0.2.2",
        "@firebase/database": "0.1.3",
        "@firebase/firestore": "0.1.4",
        "@firebase/messaging": "0.1.3",
        "@firebase/polyfill": "0.1.2",
        "@firebase/storage": "0.1.2",
        "dom-storage": "2.0.2",
        "xmlhttprequest": "1.8.0"
      }
    },
    "foreach": {
      "version": "2.0.5",
      "resolved": "https://registry.npmjs.org/foreach/-/foreach-2.0.5.tgz",
      "integrity": "sha1-C+4AUBiusmDQo6865ljdATbsG5k="
    },
    "global": {
      "version": "4.3.2",
      "resolved": "https://registry.npmjs.org/global/-/global-4.3.2.tgz",
      "integrity": "sha1-52mJJopsdMOJCLEwWxD8DjlOnQ8=",
      "requires": {
        "min-document": "2.19.0",
        "process": "0.5.2"
      }
    },
    "http-parser-js": {
      "version": "0.4.9",
      "resolved": "https://registry.npmjs.org/http-parser-js/-/http-parser-js-0.4.9.tgz",
      "integrity": "sha1-6hoE+2St/wJC6ZdPKX3Uw8rSceE="
    },
    "inherits": {
      "version": "2.0.3",
      "resolved": "https://registry.npmjs.org/inherits/-/inherits-2.0.3.tgz",
      "integrity": "sha1-Yzwsg+PaQqUC9SRmAiSA9CCCYd4="
    },
    "isarray": {
      "version": "2.0.2",
      "resolved": "https://registry.npmjs.org/isarray/-/isarray-2.0.2.tgz",
      "integrity": "sha512-DKCXsIpN+352zm3Sd75dY9HyaIcxU6grh118GhTPXc85jJ5nEGKOsPQOwSuE7aRd+XVRcC/Em6W44onQEQ9RBg=="
    },
    "load-script": {
      "version": "1.0.0",
      "resolved": "https://registry.npmjs.org/load-script/-/load-script-1.0.0.tgz",
      "integrity": "sha1-BJGTngvuVkPuSUp+PaPSuscMbKQ="
    },
    "min-document": {
      "version": "2.19.0",
      "resolved": "https://registry.npmjs.org/min-document/-/min-document-2.19.0.tgz",
      "integrity": "sha1-e9KC4/WELtKVu3SM3Z8f+iyCRoU=",
      "requires": {
        "dom-walk": "0.1.1"
      }
    },
    "ms": {
      "version": "2.0.0",
      "resolved": "https://registry.npmjs.org/ms/-/ms-2.0.0.tgz",
      "integrity": "sha1-VgiurfwAvmwpAd9fmGF4jeDVl8g="
    },
    "object-keys": {
      "version": "1.0.11",
      "resolved": "https://registry.npmjs.org/object-keys/-/object-keys-1.0.11.tgz",
      "integrity": "sha1-xUYBd4rVYPEULODgG8yotW0TQm0="
    },
    "process": {
      "version": "0.5.2",
      "resolved": "https://registry.npmjs.org/process/-/process-0.5.2.tgz",
      "integrity": "sha1-FjjYqONML0QKkduVq5rrZ3/Bhc8="
    },
    "promise-polyfill": {
      "version": "6.0.2",
      "resolved": "https://registry.npmjs.org/promise-polyfill/-/promise-polyfill-6.0.2.tgz",
      "integrity": "sha1-2chtPcTcLfkBboiUbe/Wm0m0EWI="
    },
    "querystring-es3": {
      "version": "0.2.1",
      "resolved": "https://registry.npmjs.org/querystring-es3/-/querystring-es3-0.2.1.tgz",
      "integrity": "sha1-nsYfeQSYdXB9aUFFlv2Qek1xHnM="
    },
    "reduce": {
      "version": "1.0.1",
      "resolved": "https://registry.npmjs.org/reduce/-/reduce-1.0.1.tgz",
      "integrity": "sha1-FPouX/H8VgcDoCDLtfuqtpFWWAQ=",
      "requires": {
        "object-keys": "1.0.11"
      }
    },
    "safe-buffer": {
      "version": "5.1.1",
      "resolved": "https://registry.npmjs.org/safe-buffer/-/safe-buffer-5.1.1.tgz",
      "integrity": "sha512-kKvNJn6Mm93gAczWVJg7wH+wGYWNrDHdWvpUmHyEsgCtIwwo3bqPtV4tR5tuPaUhTOo/kvhVwd8XwwOllGYkbg=="
    },
    "semver": {
      "version": "5.4.1",
      "resolved": "https://registry.npmjs.org/semver/-/semver-5.4.1.tgz",
      "integrity": "sha512-WfG/X9+oATh81XtllIo/I8gOiY9EXRdv1cQdyykeXK17YcUW3EXUAi2To4pcH6nZtJPr7ZOpM5OMyWJZm+8Rsg=="
    },
    "through": {
      "version": "2.3.8",
      "resolved": "https://registry.npmjs.org/through/-/through-2.3.8.tgz",
      "integrity": "sha1-DdTJ/6q8NXlgsbckEV1+Doai4fU="
    },
    "tunnel-agent": {
      "version": "0.6.0",
      "resolved": "https://registry.npmjs.org/tunnel-agent/-/tunnel-agent-0.6.0.tgz",
      "integrity": "sha1-J6XeoGs2sEoKmWZ3SykIaPD8QP0=",
      "requires": {
        "safe-buffer": "5.1.1"
      }
    },
    "websocket-driver": {
      "version": "0.7.0",
      "resolved": "https://registry.npmjs.org/websocket-driver/-/websocket-driver-0.7.0.tgz",
      "integrity": "sha1-DK+dLXVdk67gSdS90NP+LMoqJOs=",
      "requires": {
        "http-parser-js": "0.4.9",
        "websocket-extensions": "0.1.3"
      }
    },
    "websocket-extensions": {
      "version": "0.1.3",
      "resolved": "https://registry.npmjs.org/websocket-extensions/-/websocket-extensions-0.1.3.tgz",
      "integrity": "sha512-nqHUnMXmBzT0w570r2JpJxfiSD1IzoI+HGVdd3aZ0yNi3ngvQ4jv1dtHt5VGxfI2yj5yqImPhOK4vmIh2xMbGg=="
    },
    "xmlhttprequest": {
      "version": "1.8.0",
      "resolved": "https://registry.npmjs.org/xmlhttprequest/-/xmlhttprequest-1.8.0.tgz",
      "integrity": "sha1-Z/4HXFwk/vOfnWX197f+dRcZaPw="
    }
  }
}
